# This file is automatically @generated by Poetry 1.8.3 and should not be changed by hand.

[[package]]
name = "ast-grep-py"
version = "0.27.3"
description = "Structural Search and Rewrite code at large scale using precise AST pattern."
optional = false
python-versions = ">=3.8"
files = [
    {file = "ast_grep_py-0.27.3-cp310-cp310-macosx_10_12_x86_64.whl", hash = "sha256:555dafbbe53d995a919aa2e7882b0b1b1da15871983aea3e29488fe558c6615f"},
    {file = "ast_grep_py-0.27.3-cp310-cp310-macosx_11_0_arm64.whl", hash = "sha256:9b2aed24242dfd22d5022729efd973e86d00c6d592dc8485ee25caaadc56f7b9"},
    {file = "ast_grep_py-0.27.3-cp310-cp310-manylinux_2_17_aarch64.manylinux2014_aarch64.whl", hash = "sha256:c347f92c57ab320be388368ecc21d77a621f01dda3848e3d293e3de296228bf6"},
    {file = "ast_grep_py-0.27.3-cp310-cp310-manylinux_2_17_x86_64.manylinux2014_x86_64.whl", hash = "sha256:ab0d3fb3b90ebd43fb68e4901bb975ac05b39e4ed71f5c41c1c0ceb8d9fdd894"},
    {file = "ast_grep_py-0.27.3-cp310-none-win32.whl", hash = "sha256:af1451072417048cdfc5dfd1519b95b4b89929c24bb882db2b8fd088f4179b2c"},
    {file = "ast_grep_py-0.27.3-cp310-none-win_amd64.whl", hash = "sha256:5c1611b17f0afc279320316ac618b3a2cd61f9f1dec73253e6dcbbe88565de44"},
    {file = "ast_grep_py-0.27.3-cp311-cp311-macosx_10_12_x86_64.whl", hash = "sha256:9fdad930bd57d36678e4f20f0612ec356c54d8c1d1bdd9484461aceaa93bace9"},
    {file = "ast_grep_py-0.27.3-cp311-cp311-macosx_11_0_arm64.whl", hash = "sha256:ae84ca9bba5224efd2d854f180fcbd96431b616f082cd88f2a2f21e6f931a64e"},
    {file = "ast_grep_py-0.27.3-cp311-cp311-manylinux_2_17_aarch64.manylinux2014_aarch64.whl", hash = "sha256:3b1bb0d2eb77e786e15ddf96b934637a65bf3be03677a0f4a8c09a09bee1fae4"},
    {file = "ast_grep_py-0.27.3-cp311-cp311-manylinux_2_17_x86_64.manylinux2014_x86_64.whl", hash = "sha256:444dcd73b7fdc3852f8189204960de4ff08a6d13931e0830d060cf4fb1dcebb6"},
    {file = "ast_grep_py-0.27.3-cp311-none-win32.whl", hash = "sha256:c2fdc62b81f406e51348d46d600adbcc73dc64f8eb958b4cf75f203cb49d485c"},
    {file = "ast_grep_py-0.27.3-cp311-none-win_amd64.whl", hash = "sha256:e95fe9b089dcfe93a996f00501db82f5f9cf1819a5d9e8d8a78ea896d8d1082e"},
    {file = "ast_grep_py-0.27.3-cp312-cp312-macosx_10_12_x86_64.whl", hash = "sha256:f92b6aeb04b0d8ce475c9fd7fb2396f59402aa7f72d99b09ac55c3b6fdf90a63"},
    {file = "ast_grep_py-0.27.3-cp312-cp312-macosx_11_0_arm64.whl", hash = "sha256:805421a5af6608e3b3d43efe9dd41c90f9aae1da1a5ea7588da635f64f27ff15"},
    {file = "ast_grep_py-0.27.3-cp312-cp312-manylinux_2_17_aarch64.manylinux2014_aarch64.whl", hash = "sha256:5f7682c0878bd18100c554880d2620577e41723d7b756c7f7842ea958f1a2191"},
    {file = "ast_grep_py-0.27.3-cp312-cp312-manylinux_2_17_x86_64.manylinux2014_x86_64.whl", hash = "sha256:0ca91c75964b6df925bc4568caf4e1c04acc6a28e93cfc12f387196d66d1efe0"},
    {file = "ast_grep_py-0.27.3-cp312-none-win32.whl", hash = "sha256:aa6f338fcf6780729e7c91152eaf2f5479560101da3afc1c62d8e64aa51b5416"},
    {file = "ast_grep_py-0.27.3-cp312-none-win_amd64.whl", hash = "sha256:7fad5962bf70b2388b64e3f3dda614545ee97803fae15796bce5fc4bf0cadfde"},
    {file = "ast_grep_py-0.27.3-cp38-cp38-macosx_10_12_x86_64.whl", hash = "sha256:a2ccbea4fba7bf65437289c9a8c73ef6120439c579ec331ead3bb0737b53d143"},
    {file = "ast_grep_py-0.27.3-cp38-cp38-macosx_11_0_arm64.whl", hash = "sha256:a2d937506a6e7a7e84f4bce93cb687f091e40a58519d3524e50544eada894cf5"},
    {file = "ast_grep_py-0.27.3-cp38-cp38-manylinux_2_17_aarch64.manylinux2014_aarch64.whl", hash = "sha256:d73bc02345745fbd0786a951c850dc7f5e59c67fd420177130b515bcbf0eec39"},
    {file = "ast_grep_py-0.27.3-cp38-cp38-manylinux_2_17_x86_64.manylinux2014_x86_64.whl", hash = "sha256:c75368c0f70e56c85e6ea1868e5d7cc264bb991f1046f84bc7cf93a40715c7f7"},
    {file = "ast_grep_py-0.27.3-cp38-none-win32.whl", hash = "sha256:172d92eb25e3aa11b207a2834606abb35eb4bbb1836df4f7184ff853c9a1f2e7"},
    {file = "ast_grep_py-0.27.3-cp38-none-win_amd64.whl", hash = "sha256:96a70126a0eedd37a6b1ed72a294657b7ac38b446c7202dd29a44502897d7523"},
    {file = "ast_grep_py-0.27.3-cp39-cp39-macosx_10_12_x86_64.whl", hash = "sha256:d50a5be6d1181c0b72cb6495a9afe4bce6d3b895fabf45656e1b762c3c6162a8"},
    {file = "ast_grep_py-0.27.3-cp39-cp39-macosx_11_0_arm64.whl", hash = "sha256:0e6229f53637c9e8e3ebefb4084a17bc0ab49b6c53727f376d2f341a576e36e8"},
    {file = "ast_grep_py-0.27.3-cp39-cp39-manylinux_2_17_aarch64.manylinux2014_aarch64.whl", hash = "sha256:1013117e2ba62b22755822e150f598fa972e8d29741ffe6b7b201f800339e451"},
    {file = "ast_grep_py-0.27.3-cp39-cp39-manylinux_2_17_x86_64.manylinux2014_x86_64.whl", hash = "sha256:8d5041cf583db875c86488048f24f60ade7a4ced0a28a5a46eb92a484565b7af"},
    {file = "ast_grep_py-0.27.3-cp39-none-win32.whl", hash = "sha256:abea6bf05d91f96180b695feec23186e3001eb479876034bb4a2c8a6d194b2c4"},
    {file = "ast_grep_py-0.27.3-cp39-none-win_amd64.whl", hash = "sha256:6eadc102138e2eaa9515626ca21b7fd4b99c46c486aa871e801bfb4a7f3bb6b2"},
    {file = "ast_grep_py-0.27.3-pp310-pypy310_pp73-manylinux_2_17_aarch64.manylinux2014_aarch64.whl", hash = "sha256:a24c9714141b5d34caf863944649fe182aede27572e30b85c71e14ef2c2c7ce7"},
    {file = "ast_grep_py-0.27.3-pp310-pypy310_pp73-manylinux_2_17_x86_64.manylinux2014_x86_64.whl", hash = "sha256:6c8e1e68be03e5df9313d0ecff355ad9002ef07b9163cb2557c8d488eee5c4a2"},
    {file = "ast_grep_py-0.27.3-pp38-pypy38_pp73-manylinux_2_17_aarch64.manylinux2014_aarch64.whl", hash = "sha256:8abb35a10ad24ab676e44db37386b66e84083b400abe8be9cacf3d2f4d740e3c"},
    {file = "ast_grep_py-0.27.3-pp39-pypy39_pp73-manylinux_2_17_aarch64.manylinux2014_aarch64.whl", hash = "sha256:d4af351fdb1d4c81a45d4eb27019f55a85b49b5761d5d29251d844aed359516b"},
    {file = "ast_grep_py-0.27.3-pp39-pypy39_pp73-manylinux_2_17_x86_64.manylinux2014_x86_64.whl", hash = "sha256:f12f31705bf0d955673ad8386897d2fff9a68b5dfc73bb546b318c1e08faecf0"},
    {file = "ast_grep_py-0.27.3.tar.gz", hash = "sha256:a9360ef9126337fedd5518e50dfb15518d7ae5ac062a27de899786861a399813"},
]

[package.extras]
test = ["pytest (>=7)"]

[[package]]
name = "docstring-parser"
version = "0.16"
description = "Parse Python docstrings in reST, Google and Numpydoc format"
optional = false
python-versions = ">=3.6,<4.0"
files = [
    {file = "docstring_parser-0.16-py3-none-any.whl", hash = "sha256:bf0a1387354d3691d102edef7ec124f219ef639982d096e26e3b60aeffa90637"},
    {file = "docstring_parser-0.16.tar.gz", hash = "sha256:538beabd0af1e2db0146b6bd3caa526c35a34d61af9fd2887f3a8a27a739aa6e"},
]

[[package]]
name = "mypy-extensions"
version = "1.0.0"
description = "Type system extensions for programs checked with the mypy type checker."
optional = false
python-versions = ">=3.5"
files = [
    {file = "mypy_extensions-1.0.0-py3-none-any.whl", hash = "sha256:4392f6c0eb8a5668a69e23d168ffa70f0be9ccfd32b5cc2d26a34ae5b844552d"},
    {file = "mypy_extensions-1.0.0.tar.gz", hash = "sha256:75dbf8955dc00442a438fc4d0666508a9a97b6bd41aa2f0ffe9d2f2725af0782"},
]

[[package]]
name = "packaging"
version = "24.1"
description = "Core utilities for Python packages"
optional = false
python-versions = ">=3.8"
files = [
    {file = "packaging-24.1-py3-none-any.whl", hash = "sha256:5b8f2217dbdbd2f7f384c41c628544e6d52f2d0f53c6d0c3ea61aa5d1d7ff124"},
    {file = "packaging-24.1.tar.gz", hash = "sha256:026ed72c8ed3fcce5bf8950572258698927fd1dbda10a5e981cdf0ac37f4f002"},
]

[[package]]
name = "returns"
version = "0.23.0"
description = "Make your functions return something meaningful, typed, and safe!"
optional = false
python-versions = "<4.0,>=3.9"
files = [
    {file = "returns-0.23.0-py3-none-any.whl", hash = "sha256:278aa6168072b24574ad14be32f7123d1b835928473dd40bc506f47c8b25859a"},
    {file = "returns-0.23.0.tar.gz", hash = "sha256:27594c28e5fc338e052d27ddf77fe1da82db4472f6d59901e7e9165be35a5256"},
]

[package.dependencies]
typing-extensions = ">=4.0,<5.0"

[package.extras]
check-laws = ["hypothesis (>=6.98,<7.0)", "pytest (>=8.0,<9.0)"]
compatible-mypy = ["mypy (>=1.10,<1.11)"]

[[package]]
name = "ruff"
version = "0.6.8"
description = "An extremely fast Python linter and code formatter, written in Rust."
optional = false
python-versions = ">=3.7"
files = [
    {file = "ruff-0.6.8-py3-none-linux_armv6l.whl", hash = "sha256:77944bca110ff0a43b768f05a529fecd0706aac7bcce36d7f1eeb4cbfca5f0f2"},
    {file = "ruff-0.6.8-py3-none-macosx_10_12_x86_64.whl", hash = "sha256:27b87e1801e786cd6ede4ada3faa5e254ce774de835e6723fd94551464c56b8c"},
    {file = "ruff-0.6.8-py3-none-macosx_11_0_arm64.whl", hash = "sha256:cd48f945da2a6334f1793d7f701725a76ba93bf3d73c36f6b21fb04d5338dcf5"},
    {file = "ruff-0.6.8-py3-none-manylinux_2_17_aarch64.manylinux2014_aarch64.whl", hash = "sha256:677e03c00f37c66cea033274295a983c7c546edea5043d0c798833adf4cf4c6f"},
    {file = "ruff-0.6.8-py3-none-manylinux_2_17_armv7l.manylinux2014_armv7l.whl", hash = "sha256:9f1476236b3eacfacfc0f66aa9e6cd39f2a624cb73ea99189556015f27c0bdeb"},
    {file = "ruff-0.6.8-py3-none-manylinux_2_17_i686.manylinux2014_i686.whl", hash = "sha256:6f5a2f17c7d32991169195d52a04c95b256378bbf0de8cb98478351eb70d526f"},
    {file = "ruff-0.6.8-py3-none-manylinux_2_17_ppc64.manylinux2014_ppc64.whl", hash = "sha256:5fd0d4b7b1457c49e435ee1e437900ced9b35cb8dc5178921dfb7d98d65a08d0"},
    {file = "ruff-0.6.8-py3-none-manylinux_2_17_ppc64le.manylinux2014_ppc64le.whl", hash = "sha256:f8034b19b993e9601f2ddf2c517451e17a6ab5cdb1c13fdff50c1442a7171d87"},
    {file = "ruff-0.6.8-py3-none-manylinux_2_17_s390x.manylinux2014_s390x.whl", hash = "sha256:6cfb227b932ba8ef6e56c9f875d987973cd5e35bc5d05f5abf045af78ad8e098"},
    {file = "ruff-0.6.8-py3-none-manylinux_2_17_x86_64.manylinux2014_x86_64.whl", hash = "sha256:6ef0411eccfc3909269fed47c61ffebdcb84a04504bafa6b6df9b85c27e813b0"},
    {file = "ruff-0.6.8-py3-none-musllinux_1_2_aarch64.whl", hash = "sha256:007dee844738c3d2e6c24ab5bc7d43c99ba3e1943bd2d95d598582e9c1b27750"},
    {file = "ruff-0.6.8-py3-none-musllinux_1_2_armv7l.whl", hash = "sha256:ce60058d3cdd8490e5e5471ef086b3f1e90ab872b548814e35930e21d848c9ce"},
    {file = "ruff-0.6.8-py3-none-musllinux_1_2_i686.whl", hash = "sha256:1085c455d1b3fdb8021ad534379c60353b81ba079712bce7a900e834859182fa"},
    {file = "ruff-0.6.8-py3-none-musllinux_1_2_x86_64.whl", hash = "sha256:70edf6a93b19481affd287d696d9e311388d808671bc209fb8907b46a8c3af44"},
    {file = "ruff-0.6.8-py3-none-win32.whl", hash = "sha256:792213f7be25316f9b46b854df80a77e0da87ec66691e8f012f887b4a671ab5a"},
    {file = "ruff-0.6.8-py3-none-win_amd64.whl", hash = "sha256:ec0517dc0f37cad14a5319ba7bba6e7e339d03fbf967a6d69b0907d61be7a263"},
    {file = "ruff-0.6.8-py3-none-win_arm64.whl", hash = "sha256:8d3bb2e3fbb9875172119021a13eed38849e762499e3cfde9588e4b4d70968dc"},
    {file = "ruff-0.6.8.tar.gz", hash = "sha256:a5bf44b1aa0adaf6d9d20f86162b34f7c593bfedabc51239953e446aefc8ce18"},
]

[[package]]
name = "typed-argument-parser"
version = "1.10.1"
description = "Typed Argument Parser"
optional = false
python-versions = ">=3.8"
files = [
    {file = "typed_argument_parser-1.10.1-py3-none-any.whl", hash = "sha256:152cad218c84f23d9d4cbbfcb153a1a53fa0b330f0f7a4b85190dd4cb86f0c0a"},
    {file = "typed_argument_parser-1.10.1.tar.gz", hash = "sha256:117c2ef9ad6536d36f84f65eb7be035244c841fea34bd5abf2301a01c8a1ec89"},
]

[package.dependencies]
docstring-parser = ">=0.15"
packaging = "*"
typing-inspect = ">=0.7.1"

[package.extras]
dev = ["pydantic (>=2.5.0)", "typed-argument-parser[dev-no-pydantic]"]
dev-no-pydantic = ["flake8", "pytest", "pytest-cov"]

[[package]]
name = "typing-extensions"
version = "4.12.2"
description = "Backported and Experimental Type Hints for Python 3.8+"
optional = false
python-versions = ">=3.8"
files = [
    {file = "typing_extensions-4.12.2-py3-none-any.whl", hash = "sha256:04e5ca0351e0f3f85c6853954072df659d0d13fac324d0072316b67d7794700d"},
    {file = "typing_extensions-4.12.2.tar.gz", hash = "sha256:1a7ead55c7e559dd4dee8856e3a88b41225abfe1ce8df57b7c13915fe121ffb8"},
]

[[package]]
name = "typing-inspect"
version = "0.9.0"
description = "Runtime inspection utilities for typing module."
optional = false
python-versions = "*"
files = [
    {file = "typing_inspect-0.9.0-py3-none-any.whl", hash = "sha256:9ee6fc59062311ef8547596ab6b955e1b8aa46242d854bfc78f4f6b0eff35f9f"},
    {file = "typing_inspect-0.9.0.tar.gz", hash = "sha256:b23fc42ff6f6ef6954e4852c1fb512cdd18dbea03134f91f856a95ccc9461f78"},
]

[package.dependencies]
mypy-extensions = ">=0.3.0"
typing-extensions = ">=3.7.4"

[metadata]
lock-version = "2.0"
python-versions = "^3.12"
content-hash = "c071b2c63846e2f79f5bebe1427ecc90774cac614448347ea04dda6b74fb807a"
